
Microsoft Visual Studio Solution File, Format Version 10.00
# Visual Studio 2008
Project("{FAE04EC0-301F-11D3-BF4B-00C04F79EFBC}") = "OpenIDWebsite", "OpenID\OpenIDWebsite.csproj", "{7E530B60-C56A-487D-9905-4A7D838CFE30}"
EndProject
Global
	GlobalSection(SolutionConfigurationPlatforms) = preSolution
		Debug|Any CPU = Debug|Any CPU
		Release|Any CPU = Release|Any CPU
	EndGlobalSection
	GlobalSection(ProjectConfigurationPlatforms) = postSolution
		{7E530B60-C56A-487D-9905-4A7D838CFE30}.Debug|Any CPU.ActiveCfg = Debug|Any CPU
		{7E530B60-C56A-487D-9905-4A7D838CFE30}.Debug|Any CPU.Build.0 = Debug|Any CPU
		{7E530B60-C56A-487D-9905-4A7D838CFE30}.Release|Any CPU.ActiveCfg = Release|Any CPU
		{7E530B60-C56A-487D-9905-4A7D838CFE30}.Release|Any CPU.Build.0 = Release|Any CPU
	EndGlobalSection
	GlobalSection(SolutionProperties) = preSolution
		HideSolutionNode = FALSE
	EndGlobalSection
EndGlobal
